// !$*UTF8*$!
{
	archiveVersion = 1;
	classes = {
	};
	objectVersion = 56;
	objects = {

/* Begin PBXBuildFile section */
		651E6F2429FEDDDE00C43B7C /* MotionEvent.swift in Sources */ = {isa = PBXBuildFile; fileRef = 651E6F2329FEDDDE00C43B7C /* MotionEvent.swift */; };
		651E6F2729FF03CA00C43B7C /* HapticGenerator.swift in Sources */ = {isa = PBXBuildFile; fileRef = 651E6F2629FF03CA00C43B7C /* HapticGenerator.swift */; };
		651E6F2929FF053B00C43B7C /* MockHapticGenerator.swift in Sources */ = {isa = PBXBuildFile; fileRef = 651E6F2829FF053B00C43B7C /* MockHapticGenerator.swift */; };
		6545589829F232D200B5B0F1 /* MonitorState.swift in Sources */ = {isa = PBXBuildFile; fileRef = 6545589729F232D200B5B0F1 /* MonitorState.swift */; };
		6569B0E22A01667500BF820F /* DoubleShakeDetector.swift in Sources */ = {isa = PBXBuildFile; fileRef = 6569B0E12A01667500BF820F /* DoubleShakeDetector.swift */; };
		6569B0E52A01CE6300BF820F /* DoubleShakeDetectionView.swift in Sources */ = {isa = PBXBuildFile; fileRef = 6569B0E42A01CE6300BF820F /* DoubleShakeDetectionView.swift */; };
		65DB943129F1DE8E00F22EB8 /* MotionEventStream.swift in Sources */ = {isa = PBXBuildFile; fileRef = 65DB943029F1DE8E00F22EB8 /* MotionEventStream.swift */; };
		65DB943329F1E04500F22EB8 /* MockMotionEventStream.swift in Sources */ = {isa = PBXBuildFile; fileRef = 65DB943229F1E04500F22EB8 /* MockMotionEventStream.swift */; };
		65DB943629F1E3B800F22EB8 /* CoreMotionGestureViewModel.swift in Sources */ = {isa = PBXBuildFile; fileRef = 65DB943529F1E3B800F22EB8 /* CoreMotionGestureViewModel.swift */; };
		65EA24FE29F19D7400760C4C /* CoreMotionGestureApp.swift in Sources */ = {isa = PBXBuildFile; fileRef = 65EA24FD29F19D7400760C4C /* CoreMotionGestureApp.swift */; };
		65EA250029F19D7400760C4C /* ContentView.swift in Sources */ = {isa = PBXBuildFile; fileRef = 65EA24FF29F19D7400760C4C /* ContentView.swift */; };
		65EA250229F19D7500760C4C /* Assets.xcassets in Resources */ = {isa = PBXBuildFile; fileRef = 65EA250129F19D7500760C4C /* Assets.xcassets */; };
		65EA250529F19D7500760C4C /* Preview Assets.xcassets in Resources */ = {isa = PBXBuildFile; fileRef = 65EA250429F19D7500760C4C /* Preview Assets.xcassets */; };
		65EA250F29F19D7500760C4C /* CoreMotionGestureTests.swift in Sources */ = {isa = PBXBuildFile; fileRef = 65EA250E29F19D7500760C4C /* CoreMotionGestureTests.swift */; };
		65EA252E29F1A48900760C4C /* View+Task.swift in Sources */ = {isa = PBXBuildFile; fileRef = 65EA252D29F1A48900760C4C /* View+Task.swift */; };
		65EA253129F1A59800760C4C /* MockMotionDetector.swift in Sources */ = {isa = PBXBuildFile; fileRef = 65EA253029F1A59800760C4C /* MockMotionDetector.swift */; };
		65EA253329F1A6E700760C4C /* README.md in Resources */ = {isa = PBXBuildFile; fileRef = 65EA253229F1A6E700760C4C /* README.md */; };
/* End PBXBuildFile section */

/* Begin PBXContainerItemProxy section */
		65EA250B29F19D7500760C4C /* PBXContainerItemProxy */ = {
			isa = PBXContainerItemProxy;
			containerPortal = 65EA24F229F19D7400760C4C /* Project object */;
			proxyType = 1;
			remoteGlobalIDString = 65EA24F929F19D7400760C4C;
			remoteInfo = CoreMotionGesture;
		};
/* End PBXContainerItemProxy section */

/* Begin PBXFileReference section */
		651E6F2329FEDDDE00C43B7C /* MotionEvent.swift */ = {isa = PBXFileReference; lastKnownFileType = sourcecode.swift; path = MotionEvent.swift; sourceTree = "<group>"; };
		651E6F2629FF03CA00C43B7C /* HapticGenerator.swift */ = {isa = PBXFileReference; lastKnownFileType = sourcecode.swift; path = HapticGenerator.swift; sourceTree = "<group>"; };
		651E6F2829FF053B00C43B7C /* MockHapticGenerator.swift */ = {isa = PBXFileReference; lastKnownFileType = sourcecode.swift; path = MockHapticGenerator.swift; sourceTree = "<group>"; };
		6545589729F232D200B5B0F1 /* MonitorState.swift */ = {isa = PBXFileReference; lastKnownFileType = sourcecode.swift; path = MonitorState.swift; sourceTree = "<group>"; };
		6569B0E12A01667500BF820F /* DoubleShakeDetector.swift */ = {isa = PBXFileReference; fileEncoding = 4; lastKnownFileType = sourcecode.swift; path = DoubleShakeDetector.swift; sourceTree = "<group>"; };
		6569B0E42A01CE6300BF820F /* DoubleShakeDetectionView.swift */ = {isa = PBXFileReference; lastKnownFileType = sourcecode.swift; path = DoubleShakeDetectionView.swift; sourceTree = "<group>"; };
		65DB943029F1DE8E00F22EB8 /* MotionEventStream.swift */ = {isa = PBXFileReference; lastKnownFileType = sourcecode.swift; path = MotionEventStream.swift; sourceTree = "<group>"; };
		65DB943229F1E04500F22EB8 /* MockMotionEventStream.swift */ = {isa = PBXFileReference; lastKnownFileType = sourcecode.swift; path = MockMotionEventStream.swift; sourceTree = "<group>"; };
		65DB943529F1E3B800F22EB8 /* CoreMotionGestureViewModel.swift */ = {isa = PBXFileReference; lastKnownFileType = sourcecode.swift; path = CoreMotionGestureViewModel.swift; sourceTree = "<group>"; };
		65EA24FA29F19D7400760C4C /* CoreMotionGesture.app */ = {isa = PBXFileReference; explicitFileType = wrapper.application; includeInIndex = 0; path = CoreMotionGesture.app; sourceTree = BUILT_PRODUCTS_DIR; };
		65EA24FD29F19D7400760C4C /* CoreMotionGestureApp.swift */ = {isa = PBXFileReference; lastKnownFileType = sourcecode.swift; path = CoreMotionGestureApp.swift; sourceTree = "<group>"; };
		65EA24FF29F19D7400760C4C /* ContentView.swift */ = {isa = PBXFileReference; lastKnownFileType = sourcecode.swift; path = ContentView.swift; sourceTree = "<group>"; };
		65EA250129F19D7500760C4C /* Assets.xcassets */ = {isa = PBXFileReference; lastKnownFileType = folder.assetcatalog; path = Assets.xcassets; sourceTree = "<group>"; };
		65EA250429F19D7500760C4C /* Preview Assets.xcassets */ = {isa = PBXFileReference; lastKnownFileType = folder.assetcatalog; path = "Preview Assets.xcassets"; sourceTree = "<group>"; };
		65EA250A29F19D7500760C4C /* UnitTests.xctest */ = {isa = PBXFileReference; explicitFileType = wrapper.cfbundle; includeInIndex = 0; path = UnitTests.xctest; sourceTree = BUILT_PRODUCTS_DIR; };
		65EA250E29F19D7500760C4C /* CoreMotionGestureTests.swift */ = {isa = PBXFileReference; lastKnownFileType = sourcecode.swift; path = CoreMotionGestureTests.swift; sourceTree = "<group>"; };
		65EA252D29F1A48900760C4C /* View+Task.swift */ = {isa = PBXFileReference; lastKnownFileType = sourcecode.swift; path = "View+Task.swift"; sourceTree = "<group>"; };
		65EA253029F1A59800760C4C /* MockMotionDetector.swift */ = {isa = PBXFileReference; lastKnownFileType = sourcecode.swift; path = MockMotionDetector.swift; sourceTree = "<group>"; };
		65EA253229F1A6E700760C4C /* README.md */ = {isa = PBXFileReference; fileEncoding = 4; lastKnownFileType = net.daringfireball.markdown; path = README.md; sourceTree = "<group>"; };
/* End PBXFileReference section */

/* Begin PBXFrameworksBuildPhase section */
		65EA24F729F19D7400760C4C /* Frameworks */ = {
			isa = PBXFrameworksBuildPhase;
			buildActionMask = 2147483647;
			files = (
			);
			runOnlyForDeploymentPostprocessing = 0;
		};
		65EA250729F19D7500760C4C /* Frameworks */ = {
			isa = PBXFrameworksBuildPhase;
			buildActionMask = 2147483647;
			files = (
			);
			runOnlyForDeploymentPostprocessing = 0;
		};
/* End PBXFrameworksBuildPhase section */

/* Begin PBXGroup section */
		651E6F2529FF03A200C43B7C /* Haptic */ = {
			isa = PBXGroup;
			children = (
				651E6F2629FF03CA00C43B7C /* HapticGenerator.swift */,
			);
			path = Haptic;
			sourceTree = "<group>";
		};
		6545589629F232C000B5B0F1 /* Model */ = {
			isa = PBXGroup;
			children = (
				6545589729F232D200B5B0F1 /* MonitorState.swift */,
				651E6F2329FEDDDE00C43B7C /* MotionEvent.swift */,
			);
			path = Model;
			sourceTree = "<group>";
		};
		65DB943429F1E3A700F22EB8 /* ViewModel */ = {
			isa = PBXGroup;
			children = (
				65DB943529F1E3B800F22EB8 /* CoreMotionGestureViewModel.swift */,
			);
			path = ViewModel;
			sourceTree = "<group>";
		};
		65EA24F129F19D7400760C4C = {
			isa = PBXGroup;
			children = (
				65EA253229F1A6E700760C4C /* README.md */,
				65EA24FC29F19D7400760C4C /* CoreMotionGesture */,
				65EA250D29F19D7500760C4C /* UnitTests */,
				65EA24FB29F19D7400760C4C /* Products */,
			);
			sourceTree = "<group>";
		};
		65EA24FB29F19D7400760C4C /* Products */ = {
			isa = PBXGroup;
			children = (
				65EA24FA29F19D7400760C4C /* CoreMotionGesture.app */,
				65EA250A29F19D7500760C4C /* UnitTests.xctest */,
			);
			name = Products;
			sourceTree = "<group>";
		};
		65EA24FC29F19D7400760C4C /* CoreMotionGesture */ = {
			isa = PBXGroup;
			children = (
				6545589629F232C000B5B0F1 /* Model */,
				65DB943429F1E3A700F22EB8 /* ViewModel */,
				65EA252C29F1A47A00760C4C /* Extension */,
				65EA252729F19D7F00760C4C /* Accelerometer */,
				65EA252A29F1A2D800760C4C /* View */,
				651E6F2529FF03A200C43B7C /* Haptic */,
				65EA252B29F1A2E500760C4C /* App */,
				65EA252F29F1A55B00760C4C /* Mock */,
				65EA250129F19D7500760C4C /* Assets.xcassets */,
				65EA250329F19D7500760C4C /* Preview Content */,
			);
			path = CoreMotionGesture;
			sourceTree = "<group>";
		};
		65EA250329F19D7500760C4C /* Preview Content */ = {
			isa = PBXGroup;
			children = (
				65EA250429F19D7500760C4C /* Preview Assets.xcassets */,
			);
			path = "Preview Content";
			sourceTree = "<group>";
		};
		65EA250D29F19D7500760C4C /* UnitTests */ = {
			isa = PBXGroup;
			children = (
				65EA250E29F19D7500760C4C /* CoreMotionGestureTests.swift */,
			);
			path = UnitTests;
			sourceTree = "<group>";
		};
		65EA252729F19D7F00760C4C /* Accelerometer */ = {
			isa = PBXGroup;
			children = (
				6569B0E12A01667500BF820F /* DoubleShakeDetector.swift */,
				65DB943029F1DE8E00F22EB8 /* MotionEventStream.swift */,
			);
			path = Accelerometer;
			sourceTree = "<group>";
		};
		65EA252A29F1A2D800760C4C /* View */ = {
			isa = PBXGroup;
			children = (
				65EA24FF29F19D7400760C4C /* ContentView.swift */,
				6569B0E42A01CE6300BF820F /* DoubleShakeDetectionView.swift */,
			);
			path = View;
			sourceTree = "<group>";
		};
		65EA252B29F1A2E500760C4C /* App */ = {
			isa = PBXGroup;
			children = (
				65EA24FD29F19D7400760C4C /* CoreMotionGestureApp.swift */,
			);
			path = App;
			sourceTree = "<group>";
		};
		65EA252C29F1A47A00760C4C /* Extension */ = {
			isa = PBXGroup;
			children = (
				65EA252D29F1A48900760C4C /* View+Task.swift */,
			);
			path = Extension;
			sourceTree = "<group>";
		};
		65EA252F29F1A55B00760C4C /* Mock */ = {
			isa = PBXGroup;
			children = (
				651E6F2829FF053B00C43B7C /* MockHapticGenerator.swift */,
				65EA253029F1A59800760C4C /* MockMotionDetector.swift */,
				65DB943229F1E04500F22EB8 /* MockMotionEventStream.swift */,
			);
			path = Mock;
			sourceTree = "<group>";
		};
/* End PBXGroup section */

/* Begin PBXNativeTarget section */
		65EA24F929F19D7400760C4C /* CoreMotionGesture */ = {
			isa = PBXNativeTarget;
			buildConfigurationList = 65EA251E29F19D7600760C4C /* Build configuration list for PBXNativeTarget "CoreMotionGesture" */;
			buildPhases = (
				65EA24F629F19D7400760C4C /* Sources */,
				65EA24F729F19D7400760C4C /* Frameworks */,
				65EA24F829F19D7400760C4C /* Resources */,
			);
			buildRules = (
			);
			dependencies = (
			);
			name = CoreMotionGesture;
			productName = CoreMotionGesture;
			productReference = 65EA24FA29F19D7400760C4C /* CoreMotionGesture.app */;
			productType = "com.apple.product-type.application";
		};
		65EA250929F19D7500760C4C /* UnitTests */ = {
			isa = PBXNativeTarget;
			buildConfigurationList = 65EA252129F19D7600760C4C /* Build configuration list for PBXNativeTarget "UnitTests" */;
			buildPhases = (
				65EA250629F19D7500760C4C /* Sources */,
				65EA250729F19D7500760C4C /* Frameworks */,
				65EA250829F19D7500760C4C /* Resources */,
			);
			buildRules = (
			);
			dependencies = (
				65EA250C29F19D7500760C4C /* PBXTargetDependency */,
			);
			name = UnitTests;
			productName = CoreMotionGestureTests;
			productReference = 65EA250A29F19D7500760C4C /* UnitTests.xctest */;
			productType = "com.apple.product-type.bundle.unit-test";
		};
/* End PBXNativeTarget section */

/* Begin PBXProject section */
		65EA24F229F19D7400760C4C /* Project object */ = {
			isa = PBXProject;
			attributes = {
				BuildIndependentTargetsInParallel = 1;
				LastSwiftUpdateCheck = 1420;
				LastUpgradeCheck = 1420;
				TargetAttributes = {
					65EA24F929F19D7400760C4C = {
						CreatedOnToolsVersion = 14.2;
					};
					65EA250929F19D7500760C4C = {
						CreatedOnToolsVersion = 14.2;
						TestTargetID = 65EA24F929F19D7400760C4C;
					};
				};
			};
			buildConfigurationList = 65EA24F529F19D7400760C4C /* Build configuration list for PBXProject "CoreMotionGesture" */;
			compatibilityVersion = "Xcode 14.0";
			developmentRegion = en;
			hasScannedForEncodings = 0;
			knownRegions = (
				en,
				Base,
			);
			mainGroup = 65EA24F129F19D7400760C4C;
			productRefGroup = 65EA24FB29F19D7400760C4C /* Products */;
			projectDirPath = "";
			projectRoot = "";
			targets = (
				65EA24F929F19D7400760C4C /* CoreMotionGesture */,
				65EA250929F19D7500760C4C /* UnitTests */,
			);
		};
/* End PBXProject section */

/* Begin PBXResourcesBuildPhase section */
		65EA24F829F19D7400760C4C /* Resources */ = {
			isa = PBXResourcesBuildPhase;
			buildActionMask = 2147483647;
			files = (
				65EA253329F1A6E700760C4C /* README.md in Resources */,
				65EA250529F19D7500760C4C /* Preview Assets.xcassets in Resources */,
				65EA250229F19D7500760C4C /* Assets.xcassets in Resources */,
			);
			runOnlyForDeploymentPostprocessing = 0;
		};
		65EA250829F19D7500760C4C /* Resources */ = {
			isa = PBXResourcesBuildPhase;
			buildActionMask = 2147483647;
			files = (
			);
			runOnlyForDeploymentPostprocessing = 0;
		};
/* End PBXResourcesBuildPhase section */

/* Begin PBXSourcesBuildPhase section */
		65EA24F629F19D7400760C4C /* Sources */ = {
			isa = PBXSourcesBuildPhase;
			buildActionMask = 2147483647;
			files = (
				65EA252E29F1A48900760C4C /* View+Task.swift in Sources */,
				65EA253129F1A59800760C4C /* MockMotionDetector.swift in Sources */,
				65DB943629F1E3B800F22EB8 /* CoreMotionGestureViewModel.swift in Sources */,
				6569B0E52A01CE6300BF820F /* DoubleShakeDetectionView.swift in Sources */,
				651E6F2729FF03CA00C43B7C /* HapticGenerator.swift in Sources */,
				6545589829F232D200B5B0F1 /* MonitorState.swift in Sources */,
				65EA250029F19D7400760C4C /* ContentView.swift in Sources */,
				651E6F2429FEDDDE00C43B7C /* MotionEvent.swift in Sources */,
				6569B0E22A01667500BF820F /* DoubleShakeDetector.swift in Sources */,
				65EA24FE29F19D7400760C4C /* CoreMotionGestureApp.swift in Sources */,
				65DB943129F1DE8E00F22EB8 /* MotionEventStream.swift in Sources */,
				651E6F2929FF053B00C43B7C /* MockHapticGenerator.swift in Sources */,
				65DB943329F1E04500F22EB8 /* MockMotionEventStream.swift in Sources */,
			);
			runOnlyForDeploymentPostprocessing = 0;
		};
		65EA250629F19D7500760C4C /* Sources */ = {
			isa = PBXSourcesBuildPhase;
			buildActionMask = 2147483647;
			files = (
				65EA250F29F19D7500760C4C /* CoreMotionGestureTests.swift in Sources */,
			);
			runOnlyForDeploymentPostprocessing = 0;
		};
/* End PBXSourcesBuildPhase section */

/* Begin PBXTargetDependency section */
		65EA250C29F19D7500760C4C /* PBXTargetDependency */ = {
			isa = PBXTargetDependency;
			target = 65EA24F929F19D7400760C4C /* CoreMotionGesture */;
			targetProxy = 65EA250B29F19D7500760C4C /* PBXContainerItemProxy */;
		};
/* End PBXTargetDependency section */

/* Begin XCBuildConfiguration section */
		65EA251C29F19D7600760C4C /* Debug */ = {
			isa = XCBuildConfiguration;
			buildSettings = {
				ALWAYS_SEARCH_USER_PATHS = NO;
				CLANG_ANALYZER_NONNULL = YES;
				CLANG_ANALYZER_NUMBER_OBJECT_CONVERSION = YES_AGGRESSIVE;
				CLANG_CXX_LANGUAGE_STANDARD = "gnu++20";
				CLANG_ENABLE_MODULES = YES;
				CLANG_ENABLE_OBJC_ARC = YES;
				CLANG_ENABLE_OBJC_WEAK = YES;
				CLANG_WARN_BLOCK_CAPTURE_AUTORELEASING = YES;
				CLANG_WARN_BOOL_CONVERSION = YES;
				CLANG_WARN_COMMA = YES;
				CLANG_WARN_CONSTANT_CONVERSION = YES;
				CLANG_WARN_DEPRECATED_OBJC_IMPLEMENTATIONS = YES;
				CLANG_WARN_DIRECT_OBJC_ISA_USAGE = YES_ERROR;
				CLANG_WARN_DOCUMENTATION_COMMENTS = YES;
				CLANG_WARN_EMPTY_BODY = YES;
				CLANG_WARN_ENUM_CONVERSION = YES;
				CLANG_WARN_INFINITE_RECURSION = YES;
				CLANG_WARN_INT_CONVERSION = YES;
				CLANG_WARN_NON_LITERAL_NULL_CONVERSION = YES;
				CLANG_WARN_OBJC_IMPLICIT_RETAIN_SELF = YES;
				CLANG_WARN_OBJC_LITERAL_CONVERSION = YES;
				CLANG_WARN_OBJC_ROOT_CLASS = YES_ERROR;
				CLANG_WARN_QUOTED_INCLUDE_IN_FRAMEWORK_HEADER = YES;
				CLANG_WARN_RANGE_LOOP_ANALYSIS = YES;
				CLANG_WARN_STRICT_PROTOTYPES = YES;
				CLANG_WARN_SUSPICIOUS_MOVE = YES;
				CLANG_WARN_UNGUARDED_AVAILABILITY = YES_AGGRESSIVE;
				CLANG_WARN_UNREACHABLE_CODE = YES;
				CLANG_WARN__DUPLICATE_METHOD_MATCH = YES;
				COPY_PHASE_STRIP = NO;
				DEBUG_INFORMATION_FORMAT = dwarf;
				ENABLE_STRICT_OBJC_MSGSEND = YES;
				ENABLE_TESTABILITY = YES;
				GCC_C_LANGUAGE_STANDARD = gnu11;
				GCC_DYNAMIC_NO_PIC = NO;
				GCC_NO_COMMON_BLOCKS = YES;
				GCC_OPTIMIZATION_LEVEL = 0;
				GCC_PREPROCESSOR_DEFINITIONS = (
					"DEBUG=1",
					"$(inherited)",
				);
				GCC_WARN_64_TO_32_BIT_CONVERSION = YES;
				GCC_WARN_ABOUT_RETURN_TYPE = YES_ERROR;
				GCC_WARN_UNDECLARED_SELECTOR = YES;
				GCC_WARN_UNINITIALIZED_AUTOS = YES_AGGRESSIVE;
				GCC_WARN_UNUSED_FUNCTION = YES;
				GCC_WARN_UNUSED_VARIABLE = YES;
				IPHONEOS_DEPLOYMENT_TARGET = 16.2;
				MTL_ENABLE_DEBUG_INFO = INCLUDE_SOURCE;
				MTL_FAST_MATH = YES;
				ONLY_ACTIVE_ARCH = YES;
				SDKROOT = iphoneos;
				SWIFT_ACTIVE_COMPILATION_CONDITIONS = DEBUG;
				SWIFT_OPTIMIZATION_LEVEL = "-Onone";
			};
			name = Debug;
		};
		65EA251D29F19D7600760C4C /* Release */ = {
			isa = XCBuildConfiguration;
			buildSettings = {
				ALWAYS_SEARCH_USER_PATHS = NO;
				CLANG_ANALYZER_NONNULL = YES;
				CLANG_ANALYZER_NUMBER_OBJECT_CONVERSION = YES_AGGRESSIVE;
				CLANG_CXX_LANGUAGE_STANDARD = "gnu++20";
				CLANG_ENABLE_MODULES = YES;
				CLANG_ENABLE_OBJC_ARC = YES;
				CLANG_ENABLE_OBJC_WEAK = YES;
				CLANG_WARN_BLOCK_CAPTURE_AUTORELEASING = YES;
				CLANG_WARN_BOOL_CONVERSION = YES;
				CLANG_WARN_COMMA = YES;
				CLANG_WARN_CONSTANT_CONVERSION = YES;
				CLANG_WARN_DEPRECATED_OBJC_IMPLEMENTATIONS = YES;
				CLANG_WARN_DIRECT_OBJC_ISA_USAGE = YES_ERROR;
				CLANG_WARN_DOCUMENTATION_COMMENTS = YES;
				CLANG_WARN_EMPTY_BODY = YES;
				CLANG_WARN_ENUM_CONVERSION = YES;
				CLANG_WARN_INFINITE_RECURSION = YES;
				CLANG_WARN_INT_CONVERSION = YES;
				CLANG_WARN_NON_LITERAL_NULL_CONVERSION = YES;
				CLANG_WARN_OBJC_IMPLICIT_RETAIN_SELF = YES;
				CLANG_WARN_OBJC_LITERAL_CONVERSION = YES;
				CLANG_WARN_OBJC_ROOT_CLASS = YES_ERROR;
				CLANG_WARN_QUOTED_INCLUDE_IN_FRAMEWORK_HEADER = YES;
				CLANG_WARN_RANGE_LOOP_ANALYSIS = YES;
				CLANG_WARN_STRICT_PROTOTYPES = YES;
				CLANG_WARN_SUSPICIOUS_MOVE = YES;
				CLANG_WARN_UNGUARDED_AVAILABILITY = YES_AGGRESSIVE;
				CLANG_WARN_UNREACHABLE_CODE = YES;
				CLANG_WARN__DUPLICATE_METHOD_MATCH = YES;
				COPY_PHASE_STRIP = NO;
				DEBUG_INFORMATION_FORMAT = "dwarf-with-dsym";
				ENABLE_NS_ASSERTIONS = NO;
				ENABLE_STRICT_OBJC_MSGSEND = YES;
				GCC_C_LANGUAGE_STANDARD = gnu11;
				GCC_NO_COMMON_BLOCKS = YES;
				GCC_WARN_64_TO_32_BIT_CONVERSION = YES;
				GCC_WARN_ABOUT_RETURN_TYPE = YES_ERROR;
				GCC_WARN_UNDECLARED_SELECTOR = YES;
				GCC_WARN_UNINITIALIZED_AUTOS = YES_AGGRESSIVE;
				GCC_WARN_UNUSED_FUNCTION = YES;
				GCC_WARN_UNUSED_VARIABLE = YES;
				IPHONEOS_DEPLOYMENT_TARGET = 16.2;
				MTL_ENABLE_DEBUG_INFO = NO;
				MTL_FAST_MATH = YES;
				SDKROOT = iphoneos;
				SWIFT_COMPILATION_MODE = wholemodule;
				SWIFT_OPTIMIZATION_LEVEL = "-O";
				VALIDATE_PRODUCT = YES;
			};
			name = Release;
		};
		65EA251F29F19D7600760C4C /* Debug */ = {
			isa = XCBuildConfiguration;
			buildSettings = {
				ASSETCATALOG_COMPILER_APPICON_NAME = AppIcon;
				ASSETCATALOG_COMPILER_GLOBAL_ACCENT_COLOR_NAME = AccentColor;
				CODE_SIGN_STYLE = Automatic;
				CURRENT_PROJECT_VERSION = 1;
				DEVELOPMENT_ASSET_PATHS = "\"CoreMotionGesture/Preview Content\"";
				DEVELOPMENT_TEAM = H8GGCD3NY7;
				ENABLE_PREVIEWS = YES;
				GENERATE_INFOPLIST_FILE = YES;
				INFOPLIST_KEY_UIApplicationSceneManifest_Generation = YES;
				INFOPLIST_KEY_UIApplicationSupportsIndirectInputEvents = YES;
				INFOPLIST_KEY_UILaunchScreen_Generation = YES;
				INFOPLIST_KEY_UISupportedInterfaceOrientations = "UIInterfaceOrientationPortrait UIInterfaceOrientationPortraitUpsideDown";
				IPHONEOS_DEPLOYMENT_TARGET = 14.0;
				LD_RUNPATH_SEARCH_PATHS = (
					"$(inherited)",
					"@executable_path/Frameworks",
				);
				MARKETING_VERSION = 1.0;
				PRODUCT_BUNDLE_IDENTIFIER = com.ikiapps.CoreMotionGesture;
				PRODUCT_NAME = "$(TARGET_NAME)";
				SWIFT_EMIT_LOC_STRINGS = YES;
				SWIFT_VERSION = 5.0;
				TARGETED_DEVICE_FAMILY = "1,2";
			};
			name = Debug;
		};
		65EA252029F19D7600760C4C /* Release */ = {
			isa = XCBuildConfiguration;
			buildSettings = {
				ASSETCATALOG_COMPILER_APPICON_NAME = AppIcon;
				ASSETCATALOG_COMPILER_GLOBAL_ACCENT_COLOR_NAME = AccentColor;
				CODE_SIGN_STYLE = Automatic;
				CURRENT_PROJECT_VERSION = 1;
				DEVELOPMENT_ASSET_PATHS = "\"CoreMotionGesture/Preview Content\"";
				DEVELOPMENT_TEAM = H8GGCD3NY7;
				ENABLE_PREVIEWS = YES;
				GENERATE_INFOPLIST_FILE = YES;
				INFOPLIST_KEY_UIApplicationSceneManifest_Generation = YES;
				INFOPLIST_KEY_UIApplicationSupportsIndirectInputEvents = YES;
				INFOPLIST_KEY_UILaunchScreen_Generation = YES;
				INFOPLIST_KEY_UISupportedInterfaceOrientations = "UIInterfaceOrientationPortrait UIInterfaceOrientationPortraitUpsideDown";
				IPHONEOS_DEPLOYMENT_TARGET = 14.0;
				LD_RUNPATH_SEARCH_PATHS = (
					"$(inherited)",
					"@executable_path/Frameworks",
				);
				MARKETING_VERSION = 1.0;
				PRODUCT_BUNDLE_IDENTIFIER = com.ikiapps.CoreMotionGesture;
				PRODUCT_NAME = "$(TARGET_NAME)";
				SWIFT_EMIT_LOC_STRINGS = YES;
				SWIFT_VERSION = 5.0;
				TARGETED_DEVICE_FAMILY = "1,2";
			};
			name = Release;
		};
		65EA252229F19D7600760C4C /* Debug */ = {
			isa = XCBuildConfiguration;
			buildSettings = {
				ALWAYS_EMBED_SWIFT_STANDARD_LIBRARIES = YES;
				BUNDLE_LOADER = "$(TEST_HOST)";
				CODE_SIGN_STYLE = Automatic;
				CURRENT_PROJECT_VERSION = 1;
				DEVELOPMENT_TEAM = H8GGCD3NY7;
				GENERATE_INFOPLIST_FILE = YES;
				IPHONEOS_DEPLOYMENT_TARGET = 14.0;
				MARKETING_VERSION = 1.0;
				PRODUCT_BUNDLE_IDENTIFIER = com.ikiapps.CoreMotionGestureTests;
				PRODUCT_NAME = "$(TARGET_NAME)";
				SWIFT_EMIT_LOC_STRINGS = NO;
				SWIFT_VERSION = 5.0;
				TARGETED_DEVICE_FAMILY = "1,2";
				TEST_HOST = "$(BUILT_PRODUCTS_DIR)/CoreMotionGesture.app/$(BUNDLE_EXECUTABLE_FOLDER_PATH)/CoreMotionGesture";
			};
			name = Debug;
		};
		65EA252329F19D7600760C4C /* Release */ = {
			isa = XCBuildConfiguration;
			buildSettings = {
				ALWAYS_EMBED_SWIFT_STANDARD_LIBRARIES = YES;
				BUNDLE_LOADER = "$(TEST_HOST)";
				CODE_SIGN_STYLE = Automatic;
				CURRENT_PROJECT_VERSION = 1;
				DEVELOPMENT_TEAM = H8GGCD3NY7;
				GENERATE_INFOPLIST_FILE = YES;
				IPHONEOS_DEPLOYMENT_TARGET = 14.0;
				MARKETING_VERSION = 1.0;
				PRODUCT_BUNDLE_IDENTIFIER = com.ikiapps.CoreMotionGestureTests;
				PRODUCT_NAME = "$(TARGET_NAME)";
				SWIFT_EMIT_LOC_STRINGS = NO;
				SWIFT_VERSION = 5.0;
				TARGETED_DEVICE_FAMILY = "1,2";
				TEST_HOST = "$(BUILT_PRODUCTS_DIR)/CoreMotionGesture.app/$(BUNDLE_EXECUTABLE_FOLDER_PATH)/CoreMotionGesture";
			};
			name = Release;
		};
/* End XCBuildConfiguration section */

/* Begin XCConfigurationList section */
		65EA24F529F19D7400760C4C /* Build configuration list for PBXProject "CoreMotionGesture" */ = {
			isa = XCConfigurationList;
			buildConfigurations = (
				65EA251C29F19D7600760C4C /* Debug */,
				65EA251D29F19D7600760C4C /* Release */,
			);
			defaultConfigurationIsVisible = 0;
			defaultConfigurationName = Release;
		};
		65EA251E29F19D7600760C4C /* Build configuration list for PBXNativeTarget "CoreMotionGesture" */ = {
			isa = XCConfigurationList;
			buildConfigurations = (
				65EA251F29F19D7600760C4C /* Debug */,
				65EA252029F19D7600760C4C /* Release */,
			);
			defaultConfigurationIsVisible = 0;
			defaultConfigurationName = Release;
		};
		65EA252129F19D7600760C4C /* Build configuration list for PBXNativeTarget "UnitTests" */ = {
			isa = XCConfigurationList;
			buildConfigurations = (
				65EA252229F19D7600760C4C /* Debug */,
				65EA252329F19D7600760C4C /* Release */,
			);
			defaultConfigurationIsVisible = 0;
			defaultConfigurationName = Release;
		};
/* End XCConfigurationList section */
	};
	rootObject = 65EA24F229F19D7400760C4C /* Project object */;
}
