// !$*UTF8*$!
{
	archiveVersion = 1;
	classes = {
	};
	objectVersion = 56;
	objects = {

/* Begin PBXBuildFile section */
		6509A2862A04924A00D7FA36 /* ErrorAlertFactory.swift in Sources */ = {isa = PBXBuildFile; fileRef = 6509A2852A04924A00D7FA36 /* ErrorAlertFactory.swift */; };
		65143EF32A1D8B7400CCAA46 /* DetectionToolBar.swift in Sources */ = {isa = PBXBuildFile; fileRef = 65143EF22A1D8B7400CCAA46 /* DetectionToolBar.swift */; };
		651E6F2429FEDDDE00C43B7C /* MotionEvent.swift in Sources */ = {isa = PBXBuildFile; fileRef = 651E6F2329FEDDDE00C43B7C /* MotionEvent.swift */; };
		651E6F2729FF03CA00C43B7C /* HapticGenerator.swift in Sources */ = {isa = PBXBuildFile; fileRef = 651E6F2629FF03CA00C43B7C /* HapticGenerator.swift */; };
		651E6F2929FF053B00C43B7C /* MockHapticGenerator.swift in Sources */ = {isa = PBXBuildFile; fileRef = 651E6F2829FF053B00C43B7C /* MockHapticGenerator.swift */; };
		652341722A11B267001FB744 /* TimeChangerProtocol.swift in Sources */ = {isa = PBXBuildFile; fileRef = 652341712A11B267001FB744 /* TimeChangerProtocol.swift */; };
		653CBBD32A05BAE900F590C1 /* View+Condition.swift in Sources */ = {isa = PBXBuildFile; fileRef = 653CBBD22A05BAE900F590C1 /* View+Condition.swift */; };
		653CBBD62A05BB8100F590C1 /* Setting.swift in Sources */ = {isa = PBXBuildFile; fileRef = 653CBBD52A05BB8100F590C1 /* Setting.swift */; };
		6543A5412A10327500977A48 /* TabViewRunner.swift in Sources */ = {isa = PBXBuildFile; fileRef = 6543A5402A10327500977A48 /* TabViewRunner.swift */; };
		6543A5432A103AE700977A48 /* UserSettingViewModel.swift in Sources */ = {isa = PBXBuildFile; fileRef = 6543A5422A103AE700977A48 /* UserSettingViewModel.swift */; };
		6543A5452A10460700977A48 /* MotionEventViewRunner.swift in Sources */ = {isa = PBXBuildFile; fileRef = 6543A5442A10460700977A48 /* MotionEventViewRunner.swift */; };
		6543A5472A10477A00977A48 /* MotionEventViewModel+Runnable.swift in Sources */ = {isa = PBXBuildFile; fileRef = 6543A5462A10477A00977A48 /* MotionEventViewModel+Runnable.swift */; };
		6545589829F232D200B5B0F1 /* MonitorState.swift in Sources */ = {isa = PBXBuildFile; fileRef = 6545589729F232D200B5B0F1 /* MonitorState.swift */; };
		65587D5C2A0EDBD40086D1F4 /* UserSettingView.swift in Sources */ = {isa = PBXBuildFile; fileRef = 65587D5B2A0EDBD40086D1F4 /* UserSettingView.swift */; };
		65587D622A0EDC470086D1F4 /* AppRunnerViewModel.swift in Sources */ = {isa = PBXBuildFile; fileRef = 65587D612A0EDC470086D1F4 /* AppRunnerViewModel.swift */; };
		65587D642A0EE3070086D1F4 /* EventDecider.swift in Sources */ = {isa = PBXBuildFile; fileRef = 65587D632A0EE3070086D1F4 /* EventDecider.swift */; };
		65587D662A0EEC290086D1F4 /* UserSetting.swift in Sources */ = {isa = PBXBuildFile; fileRef = 65587D652A0EEC290086D1F4 /* UserSetting.swift */; };
		65587D682A0EECD90086D1F4 /* User+Setting.swift in Sources */ = {isa = PBXBuildFile; fileRef = 65587D672A0EECD90086D1F4 /* User+Setting.swift */; };
		65587D6A2A0EF1D20086D1F4 /* MockUserSettingStorage.swift in Sources */ = {isa = PBXBuildFile; fileRef = 65587D692A0EF1D20086D1F4 /* MockUserSettingStorage.swift */; };
		655AFA5D2A0884DB005B9BC9 /* MotionData.swift in Sources */ = {isa = PBXBuildFile; fileRef = 655AFA5C2A0884DB005B9BC9 /* MotionData.swift */; };
		655AFA612A09866B005B9BC9 /* UserDefaults+Codable.swift in Sources */ = {isa = PBXBuildFile; fileRef = 655AFA602A09866B005B9BC9 /* UserDefaults+Codable.swift */; };
		655AFA632A098780005B9BC9 /* User+Tab.swift in Sources */ = {isa = PBXBuildFile; fileRef = 655AFA622A098780005B9BC9 /* User+Tab.swift */; };
		655AFA652A0989BC005B9BC9 /* UserTab.swift in Sources */ = {isa = PBXBuildFile; fileRef = 655AFA642A0989BC005B9BC9 /* UserTab.swift */; };
		655AFA672A098B31005B9BC9 /* UserError.swift in Sources */ = {isa = PBXBuildFile; fileRef = 655AFA662A098B31005B9BC9 /* UserError.swift */; };
		655AFA692A098D36005B9BC9 /* MockUserTabStorage.swift in Sources */ = {isa = PBXBuildFile; fileRef = 655AFA682A098D36005B9BC9 /* MockUserTabStorage.swift */; };
		655AFA6B2A098DE8005B9BC9 /* MockUserDefaults.swift in Sources */ = {isa = PBXBuildFile; fileRef = 655AFA6A2A098DE8005B9BC9 /* MockUserDefaults.swift */; };
		655AFA6D2A09B3F6005B9BC9 /* DoubleShakeDetector+Math.swift in Sources */ = {isa = PBXBuildFile; fileRef = 655AFA6C2A09B3F6005B9BC9 /* DoubleShakeDetector+Math.swift */; };
		655AFA6F2A09B438005B9BC9 /* DoubleShakeDetector+EventHandling.swift in Sources */ = {isa = PBXBuildFile; fileRef = 655AFA6E2A09B438005B9BC9 /* DoubleShakeDetector+EventHandling.swift */; };
		656962EA2A04441300E9CC4D /* DetectorsViewModel.swift in Sources */ = {isa = PBXBuildFile; fileRef = 656962E92A04441300E9CC4D /* DetectorsViewModel.swift */; };
		6569B0E22A01667500BF820F /* DoubleShakeDetector.swift in Sources */ = {isa = PBXBuildFile; fileRef = 6569B0E12A01667500BF820F /* DoubleShakeDetector.swift */; };
		6569B0E52A01CE6300BF820F /* DoubleShakeDetectionView.swift in Sources */ = {isa = PBXBuildFile; fileRef = 6569B0E42A01CE6300BF820F /* DoubleShakeDetectionView.swift */; };
		657591892A09CD16001F07E6 /* UserDefaults+Group.swift in Sources */ = {isa = PBXBuildFile; fileRef = 657591882A09CD16001F07E6 /* UserDefaults+Group.swift */; };
		6575918C2A09E7B4001F07E6 /* ButtonStyle.swift in Sources */ = {isa = PBXBuildFile; fileRef = 6575918B2A09E7B4001F07E6 /* ButtonStyle.swift */; };
		6575918E2A09E927001F07E6 /* Setting+UIKit.swift in Sources */ = {isa = PBXBuildFile; fileRef = 6575918D2A09E927001F07E6 /* Setting+UIKit.swift */; };
		657E7F4B2A0AED1C0072C11E /* AxisView.swift in Sources */ = {isa = PBXBuildFile; fileRef = 657E7F4A2A0AED1C0072C11E /* AxisView.swift */; };
		657E7F4E2A0AEE1B0072C11E /* AnimationFactory.swift in Sources */ = {isa = PBXBuildFile; fileRef = 657E7F4D2A0AEE1B0072C11E /* AnimationFactory.swift */; };
		659AE2582A0F2CD800472757 /* AppRunnerProtocol.swift in Sources */ = {isa = PBXBuildFile; fileRef = 659AE2572A0F2CD800472757 /* AppRunnerProtocol.swift */; };
		65BB29972A0DDD6B00E2618B /* TabSelectionViewModel.swift in Sources */ = {isa = PBXBuildFile; fileRef = 65BB29962A0DDD6B00E2618B /* TabSelectionViewModel.swift */; };
		65DB943129F1DE8E00F22EB8 /* MotionEventStream.swift in Sources */ = {isa = PBXBuildFile; fileRef = 65DB943029F1DE8E00F22EB8 /* MotionEventStream.swift */; };
		65DB943329F1E04500F22EB8 /* MockMotionEventStream.swift in Sources */ = {isa = PBXBuildFile; fileRef = 65DB943229F1E04500F22EB8 /* MockMotionEventStream.swift */; };
		65DB943629F1E3B800F22EB8 /* MotionEventViewModel.swift in Sources */ = {isa = PBXBuildFile; fileRef = 65DB943529F1E3B800F22EB8 /* MotionEventViewModel.swift */; };
		65E9BF562A042D1F004F5E5A /* MotionError.swift in Sources */ = {isa = PBXBuildFile; fileRef = 65E9BF552A042D1F004F5E5A /* MotionError.swift */; };
		65EA24FE29F19D7400760C4C /* CoreMotionGestureApp.swift in Sources */ = {isa = PBXBuildFile; fileRef = 65EA24FD29F19D7400760C4C /* CoreMotionGestureApp.swift */; };
		65EA250029F19D7400760C4C /* ContentView.swift in Sources */ = {isa = PBXBuildFile; fileRef = 65EA24FF29F19D7400760C4C /* ContentView.swift */; };
		65EA250229F19D7500760C4C /* Assets.xcassets in Resources */ = {isa = PBXBuildFile; fileRef = 65EA250129F19D7500760C4C /* Assets.xcassets */; };
		65EA250529F19D7500760C4C /* Preview Assets.xcassets in Resources */ = {isa = PBXBuildFile; fileRef = 65EA250429F19D7500760C4C /* Preview Assets.xcassets */; };
		65EA250F29F19D7500760C4C /* CoreMotionGestureTests.swift in Sources */ = {isa = PBXBuildFile; fileRef = 65EA250E29F19D7500760C4C /* CoreMotionGestureTests.swift */; };
		65EA253129F1A59800760C4C /* MockMotionDetector.swift in Sources */ = {isa = PBXBuildFile; fileRef = 65EA253029F1A59800760C4C /* MockMotionDetector.swift */; };
		65EA253329F1A6E700760C4C /* README.md in Resources */ = {isa = PBXBuildFile; fileRef = 65EA253229F1A6E700760C4C /* README.md */; };
/* End PBXBuildFile section */

/* Begin PBXContainerItemProxy section */
		65EA250B29F19D7500760C4C /* PBXContainerItemProxy */ = {
			isa = PBXContainerItemProxy;
			containerPortal = 65EA24F229F19D7400760C4C /* Project object */;
			proxyType = 1;
			remoteGlobalIDString = 65EA24F929F19D7400760C4C;
			remoteInfo = CoreMotionGesture;
		};
/* End PBXContainerItemProxy section */

/* Begin PBXFileReference section */
		6509A2852A04924A00D7FA36 /* ErrorAlertFactory.swift */ = {isa = PBXFileReference; fileEncoding = 4; lastKnownFileType = sourcecode.swift; path = ErrorAlertFactory.swift; sourceTree = "<group>"; };
		65143EF22A1D8B7400CCAA46 /* DetectionToolBar.swift */ = {isa = PBXFileReference; lastKnownFileType = sourcecode.swift; path = DetectionToolBar.swift; sourceTree = "<group>"; };
		651E6F2329FEDDDE00C43B7C /* MotionEvent.swift */ = {isa = PBXFileReference; lastKnownFileType = sourcecode.swift; path = MotionEvent.swift; sourceTree = "<group>"; };
		651E6F2629FF03CA00C43B7C /* HapticGenerator.swift */ = {isa = PBXFileReference; lastKnownFileType = sourcecode.swift; path = HapticGenerator.swift; sourceTree = "<group>"; };
		651E6F2829FF053B00C43B7C /* MockHapticGenerator.swift */ = {isa = PBXFileReference; lastKnownFileType = sourcecode.swift; path = MockHapticGenerator.swift; sourceTree = "<group>"; };
		652341712A11B267001FB744 /* TimeChangerProtocol.swift */ = {isa = PBXFileReference; lastKnownFileType = sourcecode.swift; path = TimeChangerProtocol.swift; sourceTree = "<group>"; };
		653CBBD22A05BAE900F590C1 /* View+Condition.swift */ = {isa = PBXFileReference; lastKnownFileType = sourcecode.swift; path = "View+Condition.swift"; sourceTree = "<group>"; };
		653CBBD52A05BB8100F590C1 /* Setting.swift */ = {isa = PBXFileReference; lastKnownFileType = sourcecode.swift; path = Setting.swift; sourceTree = "<group>"; };
		6543A5402A10327500977A48 /* TabViewRunner.swift */ = {isa = PBXFileReference; lastKnownFileType = sourcecode.swift; path = TabViewRunner.swift; sourceTree = "<group>"; };
		6543A5422A103AE700977A48 /* UserSettingViewModel.swift */ = {isa = PBXFileReference; lastKnownFileType = sourcecode.swift; path = UserSettingViewModel.swift; sourceTree = "<group>"; };
		6543A5442A10460700977A48 /* MotionEventViewRunner.swift */ = {isa = PBXFileReference; fileEncoding = 4; lastKnownFileType = sourcecode.swift; path = MotionEventViewRunner.swift; sourceTree = "<group>"; };
		6543A5462A10477A00977A48 /* MotionEventViewModel+Runnable.swift */ = {isa = PBXFileReference; lastKnownFileType = sourcecode.swift; path = "MotionEventViewModel+Runnable.swift"; sourceTree = "<group>"; };
		6545589729F232D200B5B0F1 /* MonitorState.swift */ = {isa = PBXFileReference; lastKnownFileType = sourcecode.swift; path = MonitorState.swift; sourceTree = "<group>"; };
		65587D5B2A0EDBD40086D1F4 /* UserSettingView.swift */ = {isa = PBXFileReference; fileEncoding = 4; lastKnownFileType = sourcecode.swift; path = UserSettingView.swift; sourceTree = "<group>"; };
		65587D612A0EDC470086D1F4 /* AppRunnerViewModel.swift */ = {isa = PBXFileReference; fileEncoding = 4; lastKnownFileType = sourcecode.swift; path = AppRunnerViewModel.swift; sourceTree = "<group>"; };
		65587D632A0EE3070086D1F4 /* EventDecider.swift */ = {isa = PBXFileReference; lastKnownFileType = sourcecode.swift; path = EventDecider.swift; sourceTree = "<group>"; };
		65587D652A0EEC290086D1F4 /* UserSetting.swift */ = {isa = PBXFileReference; lastKnownFileType = sourcecode.swift; path = UserSetting.swift; sourceTree = "<group>"; };
		65587D672A0EECD90086D1F4 /* User+Setting.swift */ = {isa = PBXFileReference; lastKnownFileType = sourcecode.swift; path = "User+Setting.swift"; sourceTree = "<group>"; };
		65587D692A0EF1D20086D1F4 /* MockUserSettingStorage.swift */ = {isa = PBXFileReference; lastKnownFileType = sourcecode.swift; path = MockUserSettingStorage.swift; sourceTree = "<group>"; };
		655AFA5C2A0884DB005B9BC9 /* MotionData.swift */ = {isa = PBXFileReference; lastKnownFileType = sourcecode.swift; path = MotionData.swift; sourceTree = "<group>"; };
		655AFA602A09866B005B9BC9 /* UserDefaults+Codable.swift */ = {isa = PBXFileReference; lastKnownFileType = sourcecode.swift; path = "UserDefaults+Codable.swift"; sourceTree = "<group>"; };
		655AFA622A098780005B9BC9 /* User+Tab.swift */ = {isa = PBXFileReference; lastKnownFileType = sourcecode.swift; path = "User+Tab.swift"; sourceTree = "<group>"; };
		655AFA642A0989BC005B9BC9 /* UserTab.swift */ = {isa = PBXFileReference; lastKnownFileType = sourcecode.swift; path = UserTab.swift; sourceTree = "<group>"; };
		655AFA662A098B31005B9BC9 /* UserError.swift */ = {isa = PBXFileReference; lastKnownFileType = sourcecode.swift; path = UserError.swift; sourceTree = "<group>"; };
		655AFA682A098D36005B9BC9 /* MockUserTabStorage.swift */ = {isa = PBXFileReference; lastKnownFileType = sourcecode.swift; path = MockUserTabStorage.swift; sourceTree = "<group>"; };
		655AFA6A2A098DE8005B9BC9 /* MockUserDefaults.swift */ = {isa = PBXFileReference; lastKnownFileType = sourcecode.swift; path = MockUserDefaults.swift; sourceTree = "<group>"; };
		655AFA6C2A09B3F6005B9BC9 /* DoubleShakeDetector+Math.swift */ = {isa = PBXFileReference; lastKnownFileType = sourcecode.swift; path = "DoubleShakeDetector+Math.swift"; sourceTree = "<group>"; };
		655AFA6E2A09B438005B9BC9 /* DoubleShakeDetector+EventHandling.swift */ = {isa = PBXFileReference; lastKnownFileType = sourcecode.swift; path = "DoubleShakeDetector+EventHandling.swift"; sourceTree = "<group>"; };
		656962E92A04441300E9CC4D /* DetectorsViewModel.swift */ = {isa = PBXFileReference; lastKnownFileType = sourcecode.swift; path = DetectorsViewModel.swift; sourceTree = "<group>"; };
		6569B0E12A01667500BF820F /* DoubleShakeDetector.swift */ = {isa = PBXFileReference; fileEncoding = 4; lastKnownFileType = sourcecode.swift; path = DoubleShakeDetector.swift; sourceTree = "<group>"; };
		6569B0E42A01CE6300BF820F /* DoubleShakeDetectionView.swift */ = {isa = PBXFileReference; lastKnownFileType = sourcecode.swift; path = DoubleShakeDetectionView.swift; sourceTree = "<group>"; };
		657591882A09CD16001F07E6 /* UserDefaults+Group.swift */ = {isa = PBXFileReference; fileEncoding = 4; lastKnownFileType = sourcecode.swift; path = "UserDefaults+Group.swift"; sourceTree = "<group>"; };
		6575918A2A09CDCA001F07E6 /* CoreMotionGesture.entitlements */ = {isa = PBXFileReference; lastKnownFileType = text.plist.entitlements; path = CoreMotionGesture.entitlements; sourceTree = "<group>"; };
		6575918B2A09E7B4001F07E6 /* ButtonStyle.swift */ = {isa = PBXFileReference; lastKnownFileType = sourcecode.swift; path = ButtonStyle.swift; sourceTree = "<group>"; };
		6575918D2A09E927001F07E6 /* Setting+UIKit.swift */ = {isa = PBXFileReference; lastKnownFileType = sourcecode.swift; path = "Setting+UIKit.swift"; sourceTree = "<group>"; };
		657E7F4A2A0AED1C0072C11E /* AxisView.swift */ = {isa = PBXFileReference; lastKnownFileType = sourcecode.swift; path = AxisView.swift; sourceTree = "<group>"; };
		657E7F4D2A0AEE1B0072C11E /* AnimationFactory.swift */ = {isa = PBXFileReference; lastKnownFileType = sourcecode.swift; path = AnimationFactory.swift; sourceTree = "<group>"; };
		659AE2572A0F2CD800472757 /* AppRunnerProtocol.swift */ = {isa = PBXFileReference; lastKnownFileType = sourcecode.swift; path = AppRunnerProtocol.swift; sourceTree = "<group>"; };
		65BB29962A0DDD6B00E2618B /* TabSelectionViewModel.swift */ = {isa = PBXFileReference; lastKnownFileType = sourcecode.swift; path = TabSelectionViewModel.swift; sourceTree = "<group>"; };
		65D6EA022A0F027B00EC63B7 /* Info.plist */ = {isa = PBXFileReference; lastKnownFileType = text.plist.xml; path = Info.plist; sourceTree = "<group>"; };
		65DB943029F1DE8E00F22EB8 /* MotionEventStream.swift */ = {isa = PBXFileReference; lastKnownFileType = sourcecode.swift; path = MotionEventStream.swift; sourceTree = "<group>"; };
		65DB943229F1E04500F22EB8 /* MockMotionEventStream.swift */ = {isa = PBXFileReference; lastKnownFileType = sourcecode.swift; path = MockMotionEventStream.swift; sourceTree = "<group>"; };
		65DB943529F1E3B800F22EB8 /* MotionEventViewModel.swift */ = {isa = PBXFileReference; lastKnownFileType = sourcecode.swift; path = MotionEventViewModel.swift; sourceTree = "<group>"; };
		65E9BF552A042D1F004F5E5A /* MotionError.swift */ = {isa = PBXFileReference; fileEncoding = 4; lastKnownFileType = sourcecode.swift; path = MotionError.swift; sourceTree = "<group>"; };
		65EA24FA29F19D7400760C4C /* CoreMotionGesture.app */ = {isa = PBXFileReference; explicitFileType = wrapper.application; includeInIndex = 0; path = CoreMotionGesture.app; sourceTree = BUILT_PRODUCTS_DIR; };
		65EA24FD29F19D7400760C4C /* CoreMotionGestureApp.swift */ = {isa = PBXFileReference; lastKnownFileType = sourcecode.swift; path = CoreMotionGestureApp.swift; sourceTree = "<group>"; };
		65EA24FF29F19D7400760C4C /* ContentView.swift */ = {isa = PBXFileReference; lastKnownFileType = sourcecode.swift; path = ContentView.swift; sourceTree = "<group>"; };
		65EA250129F19D7500760C4C /* Assets.xcassets */ = {isa = PBXFileReference; lastKnownFileType = folder.assetcatalog; path = Assets.xcassets; sourceTree = "<group>"; };
		65EA250429F19D7500760C4C /* Preview Assets.xcassets */ = {isa = PBXFileReference; lastKnownFileType = folder.assetcatalog; path = "Preview Assets.xcassets"; sourceTree = "<group>"; };
		65EA250A29F19D7500760C4C /* UnitTest.xctest */ = {isa = PBXFileReference; explicitFileType = wrapper.cfbundle; includeInIndex = 0; path = UnitTest.xctest; sourceTree = BUILT_PRODUCTS_DIR; };
		65EA250E29F19D7500760C4C /* CoreMotionGestureTests.swift */ = {isa = PBXFileReference; lastKnownFileType = sourcecode.swift; path = CoreMotionGestureTests.swift; sourceTree = "<group>"; };
		65EA253029F1A59800760C4C /* MockMotionDetector.swift */ = {isa = PBXFileReference; lastKnownFileType = sourcecode.swift; path = MockMotionDetector.swift; sourceTree = "<group>"; };
		65EA253229F1A6E700760C4C /* README.md */ = {isa = PBXFileReference; fileEncoding = 4; lastKnownFileType = net.daringfireball.markdown; path = README.md; sourceTree = "<group>"; };
/* End PBXFileReference section */

/* Begin PBXFrameworksBuildPhase section */
		65EA24F729F19D7400760C4C /* Frameworks */ = {
			isa = PBXFrameworksBuildPhase;
			buildActionMask = 2147483647;
			files = (
			);
			runOnlyForDeploymentPostprocessing = 0;
		};
		65EA250729F19D7500760C4C /* Frameworks */ = {
			isa = PBXFrameworksBuildPhase;
			buildActionMask = 2147483647;
			files = (
			);
			runOnlyForDeploymentPostprocessing = 0;
		};
/* End PBXFrameworksBuildPhase section */

/* Begin PBXGroup section */
		6509A2842A04924A00D7FA36 /* ErrorHandling */ = {
			isa = PBXGroup;
			children = (
				6509A2852A04924A00D7FA36 /* ErrorAlertFactory.swift */,
			);
			path = ErrorHandling;
			sourceTree = "<group>";
		};
		651E6F2529FF03A200C43B7C /* Haptic */ = {
			isa = PBXGroup;
			children = (
				651E6F2629FF03CA00C43B7C /* HapticGenerator.swift */,
			);
			path = Haptic;
			sourceTree = "<group>";
		};
		653CBBD42A05BB6000F590C1 /* Setting */ = {
			isa = PBXGroup;
			children = (
				653CBBD52A05BB8100F590C1 /* Setting.swift */,
				6575918D2A09E927001F07E6 /* Setting+UIKit.swift */,
			);
			path = Setting;
			sourceTree = "<group>";
		};
		6545589629F232C000B5B0F1 /* Model */ = {
			isa = PBXGroup;
			children = (
				6545589729F232D200B5B0F1 /* MonitorState.swift */,
				655AFA5C2A0884DB005B9BC9 /* MotionData.swift */,
				65E9BF552A042D1F004F5E5A /* MotionError.swift */,
				651E6F2329FEDDDE00C43B7C /* MotionEvent.swift */,
				655AFA662A098B31005B9BC9 /* UserError.swift */,
				65587D652A0EEC290086D1F4 /* UserSetting.swift */,
				655AFA642A0989BC005B9BC9 /* UserTab.swift */,
			);
			path = Model;
			sourceTree = "<group>";
		};
		65587D5A2A0ED7D60086D1F4 /* AppRunner */ = {
			isa = PBXGroup;
			children = (
				659AE2572A0F2CD800472757 /* AppRunnerProtocol.swift */,
				65587D632A0EE3070086D1F4 /* EventDecider.swift */,
				6543A5442A10460700977A48 /* MotionEventViewRunner.swift */,
				6543A5402A10327500977A48 /* TabViewRunner.swift */,
				652341712A11B267001FB744 /* TimeChangerProtocol.swift */,
			);
			path = AppRunner;
			sourceTree = "<group>";
		};
		655AFA5F2A09856C005B9BC9 /* Persistence */ = {
			isa = PBXGroup;
			children = (
				65587D672A0EECD90086D1F4 /* User+Setting.swift */,
				655AFA622A098780005B9BC9 /* User+Tab.swift */,
			);
			path = Persistence;
			sourceTree = "<group>";
		};
		657E7F4C2A0AEE0A0072C11E /* Animation */ = {
			isa = PBXGroup;
			children = (
				657E7F4D2A0AEE1B0072C11E /* AnimationFactory.swift */,
			);
			path = Animation;
			sourceTree = "<group>";
		};
		65DB943429F1E3A700F22EB8 /* ViewModel */ = {
			isa = PBXGroup;
			children = (
				65587D612A0EDC470086D1F4 /* AppRunnerViewModel.swift */,
				656962E92A04441300E9CC4D /* DetectorsViewModel.swift */,
				65DB943529F1E3B800F22EB8 /* MotionEventViewModel.swift */,
				6543A5462A10477A00977A48 /* MotionEventViewModel+Runnable.swift */,
				65BB29962A0DDD6B00E2618B /* TabSelectionViewModel.swift */,
				6543A5422A103AE700977A48 /* UserSettingViewModel.swift */,
			);
			path = ViewModel;
			sourceTree = "<group>";
		};
		65EA24F129F19D7400760C4C = {
			isa = PBXGroup;
			children = (
				65EA253229F1A6E700760C4C /* README.md */,
				65EA24FC29F19D7400760C4C /* CoreMotionGesture */,
				65EA250D29F19D7500760C4C /* UnitTest */,
				65EA24FB29F19D7400760C4C /* Products */,
			);
			sourceTree = "<group>";
		};
		65EA24FB29F19D7400760C4C /* Products */ = {
			isa = PBXGroup;
			children = (
				65EA24FA29F19D7400760C4C /* CoreMotionGesture.app */,
				65EA250A29F19D7500760C4C /* UnitTest.xctest */,
			);
			name = Products;
			sourceTree = "<group>";
		};
		65EA24FC29F19D7400760C4C /* CoreMotionGesture */ = {
			isa = PBXGroup;
			children = (
				65EA252729F19D7F00760C4C /* Accelerometer */,
				657E7F4C2A0AEE0A0072C11E /* Animation */,
				65EA252B29F1A2E500760C4C /* App */,
				65587D5A2A0ED7D60086D1F4 /* AppRunner */,
				6509A2842A04924A00D7FA36 /* ErrorHandling */,
				65EA252C29F1A47A00760C4C /* Extension */,
				651E6F2529FF03A200C43B7C /* Haptic */,
				65EA252F29F1A55B00760C4C /* Mock */,
				6545589629F232C000B5B0F1 /* Model */,
				655AFA5F2A09856C005B9BC9 /* Persistence */,
				65EA250329F19D7500760C4C /* Preview Content */,
				653CBBD42A05BB6000F590C1 /* Setting */,
				65EA252A29F1A2D800760C4C /* View */,
				65DB943429F1E3A700F22EB8 /* ViewModel */,
			);
			path = CoreMotionGesture;
			sourceTree = "<group>";
		};
		65EA250329F19D7500760C4C /* Preview Content */ = {
			isa = PBXGroup;
			children = (
				65EA250429F19D7500760C4C /* Preview Assets.xcassets */,
			);
			path = "Preview Content";
			sourceTree = "<group>";
		};
		65EA250D29F19D7500760C4C /* UnitTest */ = {
			isa = PBXGroup;
			children = (
				65EA250E29F19D7500760C4C /* CoreMotionGestureTests.swift */,
			);
			path = UnitTest;
			sourceTree = "<group>";
		};
		65EA252729F19D7F00760C4C /* Accelerometer */ = {
			isa = PBXGroup;
			children = (
				6569B0E12A01667500BF820F /* DoubleShakeDetector.swift */,
				655AFA6E2A09B438005B9BC9 /* DoubleShakeDetector+EventHandling.swift */,
				655AFA6C2A09B3F6005B9BC9 /* DoubleShakeDetector+Math.swift */,
				65DB943029F1DE8E00F22EB8 /* MotionEventStream.swift */,
			);
			path = Accelerometer;
			sourceTree = "<group>";
		};
		65EA252A29F1A2D800760C4C /* View */ = {
			isa = PBXGroup;
			children = (
				657E7F4A2A0AED1C0072C11E /* AxisView.swift */,
				6575918B2A09E7B4001F07E6 /* ButtonStyle.swift */,
				65EA24FF29F19D7400760C4C /* ContentView.swift */,
				65143EF22A1D8B7400CCAA46 /* DetectionToolBar.swift */,
				6569B0E42A01CE6300BF820F /* DoubleShakeDetectionView.swift */,
				65587D5B2A0EDBD40086D1F4 /* UserSettingView.swift */,
			);
			path = View;
			sourceTree = "<group>";
		};
		65EA252B29F1A2E500760C4C /* App */ = {
			isa = PBXGroup;
			children = (
				65EA250129F19D7500760C4C /* Assets.xcassets */,
				6575918A2A09CDCA001F07E6 /* CoreMotionGesture.entitlements */,
				65EA24FD29F19D7400760C4C /* CoreMotionGestureApp.swift */,
				65D6EA022A0F027B00EC63B7 /* Info.plist */,
			);
			path = App;
			sourceTree = "<group>";
		};
		65EA252C29F1A47A00760C4C /* Extension */ = {
			isa = PBXGroup;
			children = (
				655AFA602A09866B005B9BC9 /* UserDefaults+Codable.swift */,
				657591882A09CD16001F07E6 /* UserDefaults+Group.swift */,
				653CBBD22A05BAE900F590C1 /* View+Condition.swift */,
			);
			path = Extension;
			sourceTree = "<group>";
		};
		65EA252F29F1A55B00760C4C /* Mock */ = {
			isa = PBXGroup;
			children = (
				651E6F2829FF053B00C43B7C /* MockHapticGenerator.swift */,
				65EA253029F1A59800760C4C /* MockMotionDetector.swift */,
				65DB943229F1E04500F22EB8 /* MockMotionEventStream.swift */,
				655AFA6A2A098DE8005B9BC9 /* MockUserDefaults.swift */,
				65587D692A0EF1D20086D1F4 /* MockUserSettingStorage.swift */,
				655AFA682A098D36005B9BC9 /* MockUserTabStorage.swift */,
			);
			path = Mock;
			sourceTree = "<group>";
		};
/* End PBXGroup section */

/* Begin PBXNativeTarget section */
		65EA24F929F19D7400760C4C /* CoreMotionGesture */ = {
			isa = PBXNativeTarget;
			buildConfigurationList = 65EA251E29F19D7600760C4C /* Build configuration list for PBXNativeTarget "CoreMotionGesture" */;
			buildPhases = (
				65EA24F629F19D7400760C4C /* Sources */,
				65EA24F729F19D7400760C4C /* Frameworks */,
				65EA24F829F19D7400760C4C /* Resources */,
			);
			buildRules = (
			);
			dependencies = (
			);
			name = CoreMotionGesture;
			productName = CoreMotionGesture;
			productReference = 65EA24FA29F19D7400760C4C /* CoreMotionGesture.app */;
			productType = "com.apple.product-type.application";
		};
		65EA250929F19D7500760C4C /* UnitTest */ = {
			isa = PBXNativeTarget;
			buildConfigurationList = 65EA252129F19D7600760C4C /* Build configuration list for PBXNativeTarget "UnitTest" */;
			buildPhases = (
				65EA250629F19D7500760C4C /* Sources */,
				65EA250729F19D7500760C4C /* Frameworks */,
				65EA250829F19D7500760C4C /* Resources */,
			);
			buildRules = (
			);
			dependencies = (
				65EA250C29F19D7500760C4C /* PBXTargetDependency */,
			);
			name = UnitTest;
			productName = CoreMotionGestureTests;
			productReference = 65EA250A29F19D7500760C4C /* UnitTest.xctest */;
			productType = "com.apple.product-type.bundle.unit-test";
		};
/* End PBXNativeTarget section */

/* Begin PBXProject section */
		65EA24F229F19D7400760C4C /* Project object */ = {
			isa = PBXProject;
			attributes = {
				BuildIndependentTargetsInParallel = 1;
				LastSwiftUpdateCheck = 1420;
				LastUpgradeCheck = 1420;
				TargetAttributes = {
					65EA24F929F19D7400760C4C = {
						CreatedOnToolsVersion = 14.2;
					};
					65EA250929F19D7500760C4C = {
						CreatedOnToolsVersion = 14.2;
						TestTargetID = 65EA24F929F19D7400760C4C;
					};
				};
			};
			buildConfigurationList = 65EA24F529F19D7400760C4C /* Build configuration list for PBXProject "Core-Motion-Gesture" */;
			compatibilityVersion = "Xcode 14.0";
			developmentRegion = en;
			hasScannedForEncodings = 0;
			knownRegions = (
				en,
				Base,
			);
			mainGroup = 65EA24F129F19D7400760C4C;
			productRefGroup = 65EA24FB29F19D7400760C4C /* Products */;
			projectDirPath = "";
			projectRoot = "";
			targets = (
				65EA24F929F19D7400760C4C /* CoreMotionGesture */,
				65EA250929F19D7500760C4C /* UnitTest */,
			);
		};
/* End PBXProject section */

/* Begin PBXResourcesBuildPhase section */
		65EA24F829F19D7400760C4C /* Resources */ = {
			isa = PBXResourcesBuildPhase;
			buildActionMask = 2147483647;
			files = (
				65EA253329F1A6E700760C4C /* README.md in Resources */,
				65EA250529F19D7500760C4C /* Preview Assets.xcassets in Resources */,
				65EA250229F19D7500760C4C /* Assets.xcassets in Resources */,
			);
			runOnlyForDeploymentPostprocessing = 0;
		};
		65EA250829F19D7500760C4C /* Resources */ = {
			isa = PBXResourcesBuildPhase;
			buildActionMask = 2147483647;
			files = (
			);
			runOnlyForDeploymentPostprocessing = 0;
		};
/* End PBXResourcesBuildPhase section */

/* Begin PBXSourcesBuildPhase section */
		65EA24F629F19D7400760C4C /* Sources */ = {
			isa = PBXSourcesBuildPhase;
			buildActionMask = 2147483647;
			files = (
				655AFA692A098D36005B9BC9 /* MockUserTabStorage.swift in Sources */,
				655AFA6D2A09B3F6005B9BC9 /* DoubleShakeDetector+Math.swift in Sources */,
				6509A2862A04924A00D7FA36 /* ErrorAlertFactory.swift in Sources */,
				6575918C2A09E7B4001F07E6 /* ButtonStyle.swift in Sources */,
				659AE2582A0F2CD800472757 /* AppRunnerProtocol.swift in Sources */,
				655AFA632A098780005B9BC9 /* User+Tab.swift in Sources */,
				65587D5C2A0EDBD40086D1F4 /* UserSettingView.swift in Sources */,
				65EA253129F1A59800760C4C /* MockMotionDetector.swift in Sources */,
				657591892A09CD16001F07E6 /* UserDefaults+Group.swift in Sources */,
				655AFA6F2A09B438005B9BC9 /* DoubleShakeDetector+EventHandling.swift in Sources */,
				6543A5472A10477A00977A48 /* MotionEventViewModel+Runnable.swift in Sources */,
				657E7F4E2A0AEE1B0072C11E /* AnimationFactory.swift in Sources */,
				6543A5452A10460700977A48 /* MotionEventViewRunner.swift in Sources */,
				6543A5432A103AE700977A48 /* UserSettingViewModel.swift in Sources */,
				65587D682A0EECD90086D1F4 /* User+Setting.swift in Sources */,
				65DB943629F1E3B800F22EB8 /* MotionEventViewModel.swift in Sources */,
				6569B0E52A01CE6300BF820F /* DoubleShakeDetectionView.swift in Sources */,
				65587D6A2A0EF1D20086D1F4 /* MockUserSettingStorage.swift in Sources */,
				655AFA672A098B31005B9BC9 /* UserError.swift in Sources */,
				65143EF32A1D8B7400CCAA46 /* DetectionToolBar.swift in Sources */,
				651E6F2729FF03CA00C43B7C /* HapticGenerator.swift in Sources */,
				65587D642A0EE3070086D1F4 /* EventDecider.swift in Sources */,
				65587D662A0EEC290086D1F4 /* UserSetting.swift in Sources */,
				6545589829F232D200B5B0F1 /* MonitorState.swift in Sources */,
				65EA250029F19D7400760C4C /* ContentView.swift in Sources */,
				6543A5412A10327500977A48 /* TabViewRunner.swift in Sources */,
				651E6F2429FEDDDE00C43B7C /* MotionEvent.swift in Sources */,
				655AFA612A09866B005B9BC9 /* UserDefaults+Codable.swift in Sources */,
				655AFA5D2A0884DB005B9BC9 /* MotionData.swift in Sources */,
				65BB29972A0DDD6B00E2618B /* TabSelectionViewModel.swift in Sources */,
				652341722A11B267001FB744 /* TimeChangerProtocol.swift in Sources */,
				6569B0E22A01667500BF820F /* DoubleShakeDetector.swift in Sources */,
				6575918E2A09E927001F07E6 /* Setting+UIKit.swift in Sources */,
				653CBBD62A05BB8100F590C1 /* Setting.swift in Sources */,
				65EA24FE29F19D7400760C4C /* CoreMotionGestureApp.swift in Sources */,
				65E9BF562A042D1F004F5E5A /* MotionError.swift in Sources */,
				655AFA652A0989BC005B9BC9 /* UserTab.swift in Sources */,
				656962EA2A04441300E9CC4D /* DetectorsViewModel.swift in Sources */,
				65587D622A0EDC470086D1F4 /* AppRunnerViewModel.swift in Sources */,
				65DB943129F1DE8E00F22EB8 /* MotionEventStream.swift in Sources */,
				655AFA6B2A098DE8005B9BC9 /* MockUserDefaults.swift in Sources */,
				651E6F2929FF053B00C43B7C /* MockHapticGenerator.swift in Sources */,
				657E7F4B2A0AED1C0072C11E /* AxisView.swift in Sources */,
				65DB943329F1E04500F22EB8 /* MockMotionEventStream.swift in Sources */,
				653CBBD32A05BAE900F590C1 /* View+Condition.swift in Sources */,
			);
			runOnlyForDeploymentPostprocessing = 0;
		};
		65EA250629F19D7500760C4C /* Sources */ = {
			isa = PBXSourcesBuildPhase;
			buildActionMask = 2147483647;
			files = (
				65EA250F29F19D7500760C4C /* CoreMotionGestureTests.swift in Sources */,
			);
			runOnlyForDeploymentPostprocessing = 0;
		};
/* End PBXSourcesBuildPhase section */

/* Begin PBXTargetDependency section */
		65EA250C29F19D7500760C4C /* PBXTargetDependency */ = {
			isa = PBXTargetDependency;
			target = 65EA24F929F19D7400760C4C /* CoreMotionGesture */;
			targetProxy = 65EA250B29F19D7500760C4C /* PBXContainerItemProxy */;
		};
/* End PBXTargetDependency section */

/* Begin XCBuildConfiguration section */
		65EA251C29F19D7600760C4C /* Debug */ = {
			isa = XCBuildConfiguration;
			buildSettings = {
				ALWAYS_SEARCH_USER_PATHS = NO;
				CLANG_ANALYZER_NONNULL = YES;
				CLANG_ANALYZER_NUMBER_OBJECT_CONVERSION = YES_AGGRESSIVE;
				CLANG_CXX_LANGUAGE_STANDARD = "gnu++20";
				CLANG_ENABLE_MODULES = YES;
				CLANG_ENABLE_OBJC_ARC = YES;
				CLANG_ENABLE_OBJC_WEAK = YES;
				CLANG_WARN_BLOCK_CAPTURE_AUTORELEASING = YES;
				CLANG_WARN_BOOL_CONVERSION = YES;
				CLANG_WARN_COMMA = YES;
				CLANG_WARN_CONSTANT_CONVERSION = YES;
				CLANG_WARN_DEPRECATED_OBJC_IMPLEMENTATIONS = YES;
				CLANG_WARN_DIRECT_OBJC_ISA_USAGE = YES_ERROR;
				CLANG_WARN_DOCUMENTATION_COMMENTS = YES;
				CLANG_WARN_EMPTY_BODY = YES;
				CLANG_WARN_ENUM_CONVERSION = YES;
				CLANG_WARN_INFINITE_RECURSION = YES;
				CLANG_WARN_INT_CONVERSION = YES;
				CLANG_WARN_NON_LITERAL_NULL_CONVERSION = YES;
				CLANG_WARN_OBJC_IMPLICIT_RETAIN_SELF = YES;
				CLANG_WARN_OBJC_LITERAL_CONVERSION = YES;
				CLANG_WARN_OBJC_ROOT_CLASS = YES_ERROR;
				CLANG_WARN_QUOTED_INCLUDE_IN_FRAMEWORK_HEADER = YES;
				CLANG_WARN_RANGE_LOOP_ANALYSIS = YES;
				CLANG_WARN_STRICT_PROTOTYPES = YES;
				CLANG_WARN_SUSPICIOUS_MOVE = YES;
				CLANG_WARN_UNGUARDED_AVAILABILITY = YES_AGGRESSIVE;
				CLANG_WARN_UNREACHABLE_CODE = YES;
				CLANG_WARN__DUPLICATE_METHOD_MATCH = YES;
				COPY_PHASE_STRIP = NO;
				DEBUG_INFORMATION_FORMAT = dwarf;
				ENABLE_STRICT_OBJC_MSGSEND = YES;
				ENABLE_TESTABILITY = YES;
				GCC_C_LANGUAGE_STANDARD = gnu11;
				GCC_DYNAMIC_NO_PIC = NO;
				GCC_NO_COMMON_BLOCKS = YES;
				GCC_OPTIMIZATION_LEVEL = 0;
				GCC_PREPROCESSOR_DEFINITIONS = (
					"DEBUG=1",
					"$(inherited)",
				);
				GCC_WARN_64_TO_32_BIT_CONVERSION = YES;
				GCC_WARN_ABOUT_RETURN_TYPE = YES_ERROR;
				GCC_WARN_UNDECLARED_SELECTOR = YES;
				GCC_WARN_UNINITIALIZED_AUTOS = YES_AGGRESSIVE;
				GCC_WARN_UNUSED_FUNCTION = YES;
				GCC_WARN_UNUSED_VARIABLE = YES;
				IPHONEOS_DEPLOYMENT_TARGET = 16.2;
				MTL_ENABLE_DEBUG_INFO = INCLUDE_SOURCE;
				MTL_FAST_MATH = YES;
				ONLY_ACTIVE_ARCH = YES;
				SDKROOT = iphoneos;
				SWIFT_ACTIVE_COMPILATION_CONDITIONS = DEBUG;
				SWIFT_OPTIMIZATION_LEVEL = "-Onone";
			};
			name = Debug;
		};
		65EA251D29F19D7600760C4C /* Release */ = {
			isa = XCBuildConfiguration;
			buildSettings = {
				ALWAYS_SEARCH_USER_PATHS = NO;
				CLANG_ANALYZER_NONNULL = YES;
				CLANG_ANALYZER_NUMBER_OBJECT_CONVERSION = YES_AGGRESSIVE;
				CLANG_CXX_LANGUAGE_STANDARD = "gnu++20";
				CLANG_ENABLE_MODULES = YES;
				CLANG_ENABLE_OBJC_ARC = YES;
				CLANG_ENABLE_OBJC_WEAK = YES;
				CLANG_WARN_BLOCK_CAPTURE_AUTORELEASING = YES;
				CLANG_WARN_BOOL_CONVERSION = YES;
				CLANG_WARN_COMMA = YES;
				CLANG_WARN_CONSTANT_CONVERSION = YES;
				CLANG_WARN_DEPRECATED_OBJC_IMPLEMENTATIONS = YES;
				CLANG_WARN_DIRECT_OBJC_ISA_USAGE = YES_ERROR;
				CLANG_WARN_DOCUMENTATION_COMMENTS = YES;
				CLANG_WARN_EMPTY_BODY = YES;
				CLANG_WARN_ENUM_CONVERSION = YES;
				CLANG_WARN_INFINITE_RECURSION = YES;
				CLANG_WARN_INT_CONVERSION = YES;
				CLANG_WARN_NON_LITERAL_NULL_CONVERSION = YES;
				CLANG_WARN_OBJC_IMPLICIT_RETAIN_SELF = YES;
				CLANG_WARN_OBJC_LITERAL_CONVERSION = YES;
				CLANG_WARN_OBJC_ROOT_CLASS = YES_ERROR;
				CLANG_WARN_QUOTED_INCLUDE_IN_FRAMEWORK_HEADER = YES;
				CLANG_WARN_RANGE_LOOP_ANALYSIS = YES;
				CLANG_WARN_STRICT_PROTOTYPES = YES;
				CLANG_WARN_SUSPICIOUS_MOVE = YES;
				CLANG_WARN_UNGUARDED_AVAILABILITY = YES_AGGRESSIVE;
				CLANG_WARN_UNREACHABLE_CODE = YES;
				CLANG_WARN__DUPLICATE_METHOD_MATCH = YES;
				COPY_PHASE_STRIP = NO;
				DEBUG_INFORMATION_FORMAT = "dwarf-with-dsym";
				ENABLE_NS_ASSERTIONS = NO;
				ENABLE_STRICT_OBJC_MSGSEND = YES;
				GCC_C_LANGUAGE_STANDARD = gnu11;
				GCC_NO_COMMON_BLOCKS = YES;
				GCC_WARN_64_TO_32_BIT_CONVERSION = YES;
				GCC_WARN_ABOUT_RETURN_TYPE = YES_ERROR;
				GCC_WARN_UNDECLARED_SELECTOR = YES;
				GCC_WARN_UNINITIALIZED_AUTOS = YES_AGGRESSIVE;
				GCC_WARN_UNUSED_FUNCTION = YES;
				GCC_WARN_UNUSED_VARIABLE = YES;
				IPHONEOS_DEPLOYMENT_TARGET = 16.2;
				MTL_ENABLE_DEBUG_INFO = NO;
				MTL_FAST_MATH = YES;
				SDKROOT = iphoneos;
				SWIFT_COMPILATION_MODE = wholemodule;
				SWIFT_OPTIMIZATION_LEVEL = "-O";
				VALIDATE_PRODUCT = YES;
			};
			name = Release;
		};
		65EA251F29F19D7600760C4C /* Debug */ = {
			isa = XCBuildConfiguration;
			buildSettings = {
				ASSETCATALOG_COMPILER_APPICON_NAME = AppIcon;
				ASSETCATALOG_COMPILER_GLOBAL_ACCENT_COLOR_NAME = AccentColor;
				CODE_SIGN_ENTITLEMENTS = CoreMotionGesture/App/CoreMotionGesture.entitlements;
				CODE_SIGN_STYLE = Automatic;
				CURRENT_PROJECT_VERSION = 1;
				DEVELOPMENT_ASSET_PATHS = "\"CoreMotionGesture/Preview Content\"";
				DEVELOPMENT_TEAM = H8GGCD3NY7;
				ENABLE_PREVIEWS = YES;
				GENERATE_INFOPLIST_FILE = YES;
				INFOPLIST_FILE = CoreMotionGesture/App/Info.plist;
				INFOPLIST_KEY_UIApplicationSupportsIndirectInputEvents = YES;
				INFOPLIST_KEY_UILaunchScreen_Generation = YES;
				INFOPLIST_KEY_UISupportedInterfaceOrientations = "UIInterfaceOrientationPortrait UIInterfaceOrientationPortraitUpsideDown";
				IPHONEOS_DEPLOYMENT_TARGET = 14.0;
				LD_RUNPATH_SEARCH_PATHS = (
					"$(inherited)",
					"@executable_path/Frameworks",
				);
				MARKETING_VERSION = 1.0;
				PRODUCT_BUNDLE_IDENTIFIER = com.ikiapps.CoreMotionGesture;
				PRODUCT_NAME = "$(TARGET_NAME)";
				SWIFT_EMIT_LOC_STRINGS = YES;
				SWIFT_VERSION = 5.0;
				TARGETED_DEVICE_FAMILY = "1,2";
			};
			name = Debug;
		};
		65EA252029F19D7600760C4C /* Release */ = {
			isa = XCBuildConfiguration;
			buildSettings = {
				ASSETCATALOG_COMPILER_APPICON_NAME = AppIcon;
				ASSETCATALOG_COMPILER_GLOBAL_ACCENT_COLOR_NAME = AccentColor;
				CODE_SIGN_ENTITLEMENTS = CoreMotionGesture/App/CoreMotionGesture.entitlements;
				CODE_SIGN_STYLE = Automatic;
				CURRENT_PROJECT_VERSION = 1;
				DEVELOPMENT_ASSET_PATHS = "\"CoreMotionGesture/Preview Content\"";
				DEVELOPMENT_TEAM = H8GGCD3NY7;
				ENABLE_PREVIEWS = YES;
				GENERATE_INFOPLIST_FILE = YES;
				INFOPLIST_FILE = CoreMotionGesture/App/Info.plist;
				INFOPLIST_KEY_UIApplicationSupportsIndirectInputEvents = YES;
				INFOPLIST_KEY_UILaunchScreen_Generation = YES;
				INFOPLIST_KEY_UISupportedInterfaceOrientations = "UIInterfaceOrientationPortrait UIInterfaceOrientationPortraitUpsideDown";
				IPHONEOS_DEPLOYMENT_TARGET = 14.0;
				LD_RUNPATH_SEARCH_PATHS = (
					"$(inherited)",
					"@executable_path/Frameworks",
				);
				MARKETING_VERSION = 1.0;
				PRODUCT_BUNDLE_IDENTIFIER = com.ikiapps.CoreMotionGesture;
				PRODUCT_NAME = "$(TARGET_NAME)";
				SWIFT_EMIT_LOC_STRINGS = YES;
				SWIFT_VERSION = 5.0;
				TARGETED_DEVICE_FAMILY = "1,2";
			};
			name = Release;
		};
		65EA252229F19D7600760C4C /* Debug */ = {
			isa = XCBuildConfiguration;
			buildSettings = {
				ALWAYS_EMBED_SWIFT_STANDARD_LIBRARIES = YES;
				BUNDLE_LOADER = "$(TEST_HOST)";
				CODE_SIGN_STYLE = Automatic;
				CURRENT_PROJECT_VERSION = 1;
				DEVELOPMENT_TEAM = H8GGCD3NY7;
				GENERATE_INFOPLIST_FILE = YES;
				IPHONEOS_DEPLOYMENT_TARGET = 14.0;
				MARKETING_VERSION = 1.0;
				PRODUCT_BUNDLE_IDENTIFIER = com.ikiapps.CoreMotionGestureTests;
				PRODUCT_NAME = "$(TARGET_NAME)";
				SWIFT_EMIT_LOC_STRINGS = NO;
				SWIFT_VERSION = 5.0;
				TARGETED_DEVICE_FAMILY = "1,2";
				TEST_HOST = "$(BUILT_PRODUCTS_DIR)/CoreMotionGesture.app/$(BUNDLE_EXECUTABLE_FOLDER_PATH)/CoreMotionGesture";
			};
			name = Debug;
		};
		65EA252329F19D7600760C4C /* Release */ = {
			isa = XCBuildConfiguration;
			buildSettings = {
				ALWAYS_EMBED_SWIFT_STANDARD_LIBRARIES = YES;
				BUNDLE_LOADER = "$(TEST_HOST)";
				CODE_SIGN_STYLE = Automatic;
				CURRENT_PROJECT_VERSION = 1;
				DEVELOPMENT_TEAM = H8GGCD3NY7;
				GENERATE_INFOPLIST_FILE = YES;
				IPHONEOS_DEPLOYMENT_TARGET = 14.0;
				MARKETING_VERSION = 1.0;
				PRODUCT_BUNDLE_IDENTIFIER = com.ikiapps.CoreMotionGestureTests;
				PRODUCT_NAME = "$(TARGET_NAME)";
				SWIFT_EMIT_LOC_STRINGS = NO;
				SWIFT_VERSION = 5.0;
				TARGETED_DEVICE_FAMILY = "1,2";
				TEST_HOST = "$(BUILT_PRODUCTS_DIR)/CoreMotionGesture.app/$(BUNDLE_EXECUTABLE_FOLDER_PATH)/CoreMotionGesture";
			};
			name = Release;
		};
/* End XCBuildConfiguration section */

/* Begin XCConfigurationList section */
		65EA24F529F19D7400760C4C /* Build configuration list for PBXProject "Core-Motion-Gesture" */ = {
			isa = XCConfigurationList;
			buildConfigurations = (
				65EA251C29F19D7600760C4C /* Debug */,
				65EA251D29F19D7600760C4C /* Release */,
			);
			defaultConfigurationIsVisible = 0;
			defaultConfigurationName = Release;
		};
		65EA251E29F19D7600760C4C /* Build configuration list for PBXNativeTarget "CoreMotionGesture" */ = {
			isa = XCConfigurationList;
			buildConfigurations = (
				65EA251F29F19D7600760C4C /* Debug */,
				65EA252029F19D7600760C4C /* Release */,
			);
			defaultConfigurationIsVisible = 0;
			defaultConfigurationName = Release;
		};
		65EA252129F19D7600760C4C /* Build configuration list for PBXNativeTarget "UnitTest" */ = {
			isa = XCConfigurationList;
			buildConfigurations = (
				65EA252229F19D7600760C4C /* Debug */,
				65EA252329F19D7600760C4C /* Release */,
			);
			defaultConfigurationIsVisible = 0;
			defaultConfigurationName = Release;
		};
/* End XCConfigurationList section */
	};
	rootObject = 65EA24F229F19D7400760C4C /* Project object */;
}
